
Microsoft Visual Studio Solution File, Format Version 12.00
# Visual Studio 14
VisualStudioVersion = 14.0.25420.1
MinimumVisualStudioVersion = 10.0.40219.1
Project("{FAE04EC0-301F-11D3-BF4B-00C04F79EFBC}") = "TheBarkingLotHasslerChasenB", "TheBarkingLotHasslerChasenB\TheBarkingLotHasslerChasenB.csproj", "{0DB23DEC-A982-46B6-A3B4-C63198332477}"
EndProject
Global
	GlobalSection(SolutionConfigurationPlatforms) = preSolution
		Debug|Any CPU = Debug|Any CPU
		Release|Any CPU = Release|Any CPU
	EndGlobalSection
	GlobalSection(ProjectConfigurationPlatforms) = postSolution
		{0DB23DEC-A982-46B6-A3B4-C63198332477}.Debug|Any CPU.ActiveCfg = Debug|Any CPU
		{0DB23DEC-A982-46B6-A3B4-C63198332477}.Debug|Any CPU.Build.0 = Debug|Any CPU
		{0DB23DEC-A982-46B6-A3B4-C63198332477}.Release|Any CPU.ActiveCfg = Release|Any CPU
		{0DB23DEC-A982-46B6-A3B4-C63198332477}.Release|Any CPU.Build.0 = Release|Any CPU
	EndGlobalSection
	GlobalSection(SolutionProperties) = preSolution
		HideSolutionNode = FALSE
	EndGlobalSection
EndGlobal
